
Microsoft Visual Studio Solution File, Format Version 12.00
# Visual Studio Version 17
VisualStudioVersion = 17.0.32112.339
MinimumVisualStudioVersion = 10.0.40219.1
Project("{FAE04EC0-301F-11D3-BF4B-00C04F79EFBC}") = "Chap 4", "Chap 4\Chap 4.csproj", "{E892EEEF-D3A1-4460-BAA8-333364AF6078}"
EndProject
Global
	GlobalSection(SolutionConfigurationPlatforms) = preSolution
		Debug|Any CPU = Debug|Any CPU
		Release|Any CPU = Release|Any CPU
	EndGlobalSection
	GlobalSection(ProjectConfigurationPlatforms) = postSolution
		{E892EEEF-D3A1-4460-BAA8-333364AF6078}.Debug|Any CPU.ActiveCfg = Debug|Any CPU
		{E892EEEF-D3A1-4460-BAA8-333364AF6078}.Debug|Any CPU.Build.0 = Debug|Any CPU
		{E892EEEF-D3A1-4460-BAA8-333364AF6078}.Release|Any CPU.ActiveCfg = Release|Any CPU
		{E892EEEF-D3A1-4460-BAA8-333364AF6078}.Release|Any CPU.Build.0 = Release|Any CPU
	EndGlobalSection
	GlobalSection(SolutionProperties) = preSolution
		HideSolutionNode = FALSE
	EndGlobalSection
	GlobalSection(ExtensibilityGlobals) = postSolution
		SolutionGuid = {0D92E56A-ED88-4907-9FB0-FE745C2380BD}
	EndGlobalSection
EndGlobal
